
Microsoft Visual Studio Solution File, Format Version 12.00
# Visual Studio 2013
VisualStudioVersion = 12.0.30723.0
MinimumVisualStudioVersion = 10.0.40219.1
Project("{E24C65DC-7377-472B-9ABA-BC803B73C61A}") = "portal_uce_final(1)", "http://localhost:49976", "{C34BD9F7-BE7E-4FE9-AF4F-E67129F70275}"
	ProjectSection(WebsiteProperties) = preProject
		UseIISExpress = "true"
		TargetFrameworkMoniker = ".NETFramework,Version%3Dv4.0"
		Debug.AspNetCompiler.VirtualPath = "/localhost_49976"
		Debug.AspNetCompiler.PhysicalPath = "..\..\portal_uce_final\"
		Debug.AspNetCompiler.TargetPath = "PrecompiledWeb\localhost_49976\"
		Debug.AspNetCompiler.Updateable = "true"
		Debug.AspNetCompiler.ForceOverwrite = "true"
		Debug.AspNetCompiler.FixedNames = "false"
		Debug.AspNetCompiler.Debug = "True"
		Release.AspNetCompiler.VirtualPath = "/localhost_49976"
		Release.AspNetCompiler.PhysicalPath = "..\..\portal_uce_final\"
		Release.AspNetCompiler.TargetPath = "PrecompiledWeb\localhost_49976\"
		Release.AspNetCompiler.Updateable = "true"
		Release.AspNetCompiler.ForceOverwrite = "true"
		Release.AspNetCompiler.FixedNames = "false"
		Release.AspNetCompiler.Debug = "False"
		SlnRelativePath = "..\..\portal_uce_final\"
	EndProjectSection
EndProject
Global
	GlobalSection(SolutionConfigurationPlatforms) = preSolution
		Debug|Any CPU = Debug|Any CPU
	EndGlobalSection
	GlobalSection(ProjectConfigurationPlatforms) = postSolution
		{C34BD9F7-BE7E-4FE9-AF4F-E67129F70275}.Debug|Any CPU.ActiveCfg = Debug|Any CPU
		{C34BD9F7-BE7E-4FE9-AF4F-E67129F70275}.Debug|Any CPU.Build.0 = Debug|Any CPU
	EndGlobalSection
	GlobalSection(SolutionProperties) = preSolution
		HideSolutionNode = FALSE
	EndGlobalSection
EndGlobal
